
Microsoft Visual Studio Solution File, Format Version 12.00
Project("{FAE04EC0-301F-11D3-BF4B-00C04F79EFBC}") = "SimpleCardGame", "SimpleCardGame\SimpleCardGame.csproj", "{8561588C-2E04-422A-B78D-5EFA41F8BB09}"
EndProject
Global
	GlobalSection(SolutionConfigurationPlatforms) = preSolution
		Debug|Any CPU = Debug|Any CPU
		Release|Any CPU = Release|Any CPU
	EndGlobalSection
	GlobalSection(ProjectConfigurationPlatforms) = postSolution
		{8561588C-2E04-422A-B78D-5EFA41F8BB09}.Debug|Any CPU.ActiveCfg = Debug|Any CPU
		{8561588C-2E04-422A-B78D-5EFA41F8BB09}.Debug|Any CPU.Build.0 = Debug|Any CPU
		{8561588C-2E04-422A-B78D-5EFA41F8BB09}.Release|Any CPU.ActiveCfg = Release|Any CPU
		{8561588C-2E04-422A-B78D-5EFA41F8BB09}.Release|Any CPU.Build.0 = Release|Any CPU
	EndGlobalSection
EndGlobal
